// !$*UTF8*$!
{
	archiveVersion = 1;
	classes = {
	};
	objectVersion = 50;
	objects = {

/* Begin PBXBuildFile section */
		7AAA560B217DB10500D2AD0B /* AppDelegate.m in Sources */ = {isa = PBXBuildFile; fileRef = 7AAA560A217DB10500D2AD0B /* AppDelegate.m */; };
		7AAA560E217DB10500D2AD0B /* ViewController.m in Sources */ = {isa = PBXBuildFile; fileRef = 7AAA560D217DB10500D2AD0B /* ViewController.m */; };
		7AAA5610217DB10600D2AD0B /* Assets.xcassets in Resources */ = {isa = PBXBuildFile; fileRef = 7AAA560F217DB10600D2AD0B /* Assets.xcassets */; };
		7AAA5613217DB10600D2AD0B /* Main.storyboard in Resources */ = {isa = PBXBuildFile; fileRef = 7AAA5611217DB10600D2AD0B /* Main.storyboard */; };
		7AAA5616217DB10600D2AD0B /* main.m in Sources */ = {isa = PBXBuildFile; fileRef = 7AAA5615217DB10600D2AD0B /* main.m */; };
/* End PBXBuildFile section */

/* Begin PBXFileReference section */
		7AAA5606217DB10500D2AD0B /* DragonCurveForMac.app */ = {isa = PBXFileReference; explicitFileType = wrapper.application; includeInIndex = 0; path = DragonCurveForMac.app; sourceTree = BUILT_PRODUCTS_DIR; };
		7AAA5609217DB10500D2AD0B /* AppDelegate.h */ = {isa = PBXFileReference; lastKnownFileType = sourcecode.c.h; path = AppDelegate.h; sourceTree = "<group>"; };
		7AAA560A217DB10500D2AD0B /* AppDelegate.m */ = {isa = PBXFileReference; lastKnownFileType = sourcecode.c.objc; path = AppDelegate.m; sourceTree = "<group>"; };
		7AAA560C217DB10500D2AD0B /* ViewController.h */ = {isa = PBXFileReference; lastKnownFileType = sourcecode.c.h; path = ViewController.h; sourceTree = "<group>"; };
		7AAA560D217DB10500D2AD0B /* ViewController.m */ = {isa = PBXFileReference; lastKnownFileType = sourcecode.c.objc; path = ViewController.m; sourceTree = "<group>"; };
		7AAA560F217DB10600D2AD0B /* Assets.xcassets */ = {isa = PBXFileReference; lastKnownFileType = folder.assetcatalog; path = Assets.xcassets; sourceTree = "<group>"; };
		7AAA5612217DB10600D2AD0B /* Base */ = {isa = PBXFileReference; lastKnownFileType = file.storyboard; name = Base; path = Base.lproj/Main.storyboard; sourceTree = "<group>"; };
		7AAA5614217DB10600D2AD0B /* Info.plist */ = {isa = PBXFileReference; lastKnownFileType = text.plist.xml; path = Info.plist; sourceTree = "<group>"; };
		7AAA5615217DB10600D2AD0B /* main.m */ = {isa = PBXFileReference; lastKnownFileType = sourcecode.c.objc; path = main.m; sourceTree = "<group>"; };
		7AAA5617217DB10600D2AD0B /* DragonCurveForMac.entitlements */ = {isa = PBXFileReference; lastKnownFileType = text.plist.entitlements; path = DragonCurveForMac.entitlements; sourceTree = "<group>"; };
/* End PBXFileReference section */

/* Begin PBXFrameworksBuildPhase section */
		7AAA5603217DB10500D2AD0B /* Frameworks */ = {
			isa = PBXFrameworksBuildPhase;
			buildActionMask = 2147483647;
			files = (
			);
			runOnlyForDeploymentPostprocessing = 0;
		};
/* End PBXFrameworksBuildPhase section */

/* Begin PBXGroup section */
		7AAA55FD217DB10500D2AD0B = {
			isa = PBXGroup;
			children = (
				7AAA5608217DB10500D2AD0B /* DragonCurveForMac */,
				7AAA5607217DB10500D2AD0B /* Products */,
			);
			sourceTree = "<group>";
		};
		7AAA5607217DB10500D2AD0B /* Products */ = {
			isa = PBXGroup;
			children = (
				7AAA5606217DB10500D2AD0B /* DragonCurveForMac.app */,
			);
			name = Products;
			sourceTree = "<group>";
		};
		7AAA5608217DB10500D2AD0B /* DragonCurveForMac */ = {
			isa = PBXGroup;
			children = (
				7AAA5609217DB10500D2AD0B /* AppDelegate.h */,
				7AAA560A217DB10500D2AD0B /* AppDelegate.m */,
				7AAA560C217DB10500D2AD0B /* ViewController.h */,
				7AAA560D217DB10500D2AD0B /* ViewController.m */,
				7AAA560F217DB10600D2AD0B /* Assets.xcassets */,
				7AAA5611217DB10600D2AD0B /* Main.storyboard */,
				7AAA5614217DB10600D2AD0B /* Info.plist */,
				7AAA5615217DB10600D2AD0B /* main.m */,
				7AAA5617217DB10600D2AD0B /* DragonCurveForMac.entitlements */,
			);
			path = DragonCurveForMac;
			sourceTree = "<group>";
		};
/* End PBXGroup section */

/* Begin PBXNativeTarget section */
		7AAA5605217DB10500D2AD0B /* DragonCurveForMac */ = {
			isa = PBXNativeTarget;
			buildConfigurationList = 7AAA561A217DB10600D2AD0B /* Build configuration list for PBXNativeTarget "DragonCurveForMac" */;
			buildPhases = (
				7AAA5602217DB10500D2AD0B /* Sources */,
				7AAA5603217DB10500D2AD0B /* Frameworks */,
				7AAA5604217DB10500D2AD0B /* Resources */,
			);
			buildRules = (
			);
			dependencies = (
			);
			name = DragonCurveForMac;
			productName = DragonCurveForMac;
			productReference = 7AAA5606217DB10500D2AD0B /* DragonCurveForMac.app */;
			productType = "com.apple.product-type.application";
		};
/* End PBXNativeTarget section */

/* Begin PBXProject section */
		7AAA55FE217DB10500D2AD0B /* Project object */ = {
			isa = PBXProject;
			attributes = {
				LastUpgradeCheck = 1000;
				ORGANIZATIONNAME = JihoonPark;
				TargetAttributes = {
					7AAA5605217DB10500D2AD0B = {
						CreatedOnToolsVersion = 10.0;
					};
				};
			};
			buildConfigurationList = 7AAA5601217DB10500D2AD0B /* Build configuration list for PBXProject "DragonCurveForMac" */;
			compatibilityVersion = "Xcode 9.3";
			developmentRegion = en;
			hasScannedForEncodings = 0;
			knownRegions = (
				en,
				Base,
			);
			mainGroup = 7AAA55FD217DB10500D2AD0B;
			productRefGroup = 7AAA5607217DB10500D2AD0B /* Products */;
			projectDirPath = "";
			projectRoot = "";
			targets = (
				7AAA5605217DB10500D2AD0B /* DragonCurveForMac */,
			);
		};
/* End PBXProject section */

/* Begin PBXResourcesBuildPhase section */
		7AAA5604217DB10500D2AD0B /* Resources */ = {
			isa = PBXResourcesBuildPhase;
			buildActionMask = 2147483647;
			files = (
				7AAA5610217DB10600D2AD0B /* Assets.xcassets in Resources */,
				7AAA5613217DB10600D2AD0B /* Main.storyboard in Resources */,
			);
			runOnlyForDeploymentPostprocessing = 0;
		};
/* End PBXResourcesBuildPhase section */

/* Begin PBXSourcesBuildPhase section */
		7AAA5602217DB10500D2AD0B /* Sources */ = {
			isa = PBXSourcesBuildPhase;
			buildActionMask = 2147483647;
			files = (
				7AAA560E217DB10500D2AD0B /* ViewController.m in Sources */,
				7AAA5616217DB10600D2AD0B /* main.m in Sources */,
				7AAA560B217DB10500D2AD0B /* AppDelegate.m in Sources */,
			);
			runOnlyForDeploymentPostprocessing = 0;
		};
/* End PBXSourcesBuildPhase section */

/* Begin PBXVariantGroup section */
		7AAA5611217DB10600D2AD0B /* Main.storyboard */ = {
			isa = PBXVariantGroup;
			children = (
				7AAA5612217DB10600D2AD0B /* Base */,
			);
			name = Main.storyboard;
			sourceTree = "<group>";
		};
/* End PBXVariantGroup section */

/* Begin XCBuildConfiguration section */
		7AAA5618217DB10600D2AD0B /* Debug */ = {
			isa = XCBuildConfiguration;
			buildSettings = {
				ALWAYS_SEARCH_USER_PATHS = NO;
				CLANG_ANALYZER_NONNULL = YES;
				CLANG_ANALYZER_NUMBER_OBJECT_CONVERSION = YES_AGGRESSIVE;
				CLANG_CXX_LANGUAGE_STANDARD = "gnu++14";
				CLANG_CXX_LIBRARY = "libc++";
				CLANG_ENABLE_MODULES = YES;
				CLANG_ENABLE_OBJC_ARC = YES;
				CLANG_ENABLE_OBJC_WEAK = YES;
				CLANG_WARN_BLOCK_CAPTURE_AUTORELEASING = YES;
				CLANG_WARN_BOOL_CONVERSION = YES;
				CLANG_WARN_COMMA = YES;
				CLANG_WARN_CONSTANT_CONVERSION = YES;
				CLANG_WARN_DEPRECATED_OBJC_IMPLEMENTATIONS = YES;
				CLANG_WARN_DIRECT_OBJC_ISA_USAGE = YES_ERROR;
				CLANG_WARN_DOCUMENTATION_COMMENTS = YES;
				CLANG_WARN_EMPTY_BODY = YES;
				CLANG_WARN_ENUM_CONVERSION = YES;
				CLANG_WARN_INFINITE_RECURSION = YES;
				CLANG_WARN_INT_CONVERSION = YES;
				CLANG_WARN_NON_LITERAL_NULL_CONVERSION = YES;
				CLANG_WARN_OBJC_IMPLICIT_RETAIN_SELF = YES;
				CLANG_WARN_OBJC_LITERAL_CONVERSION = YES;
				CLANG_WARN_OBJC_ROOT_CLASS = YES_ERROR;
				CLANG_WARN_RANGE_LOOP_ANALYSIS = YES;
				CLANG_WARN_STRICT_PROTOTYPES = YES;
				CLANG_WARN_SUSPICIOUS_MOVE = YES;
				CLANG_WARN_UNGUARDED_AVAILABILITY = YES_AGGRESSIVE;
				CLANG_WARN_UNREACHABLE_CODE = YES;
				CLANG_WARN__DUPLICATE_METHOD_MATCH = YES;
				CODE_SIGN_IDENTITY = "Mac Developer";
				COPY_PHASE_STRIP = NO;
				DEBUG_INFORMATION_FORMAT = dwarf;
				ENABLE_STRICT_OBJC_MSGSEND = YES;
				ENABLE_TESTABILITY = YES;
				GCC_C_LANGUAGE_STANDARD = gnu11;
				GCC_DYNAMIC_NO_PIC = NO;
				GCC_NO_COMMON_BLOCKS = YES;
				GCC_OPTIMIZATION_LEVEL = 0;
				GCC_PREPROCESSOR_DEFINITIONS = (
					"DEBUG=1",
					"$(inherited)",
				);
				GCC_WARN_64_TO_32_BIT_CONVERSION = YES;
				GCC_WARN_ABOUT_RETURN_TYPE = YES_ERROR;
				GCC_WARN_UNDECLARED_SELECTOR = YES;
				GCC_WARN_UNINITIALIZED_AUTOS = YES_AGGRESSIVE;
				GCC_WARN_UNUSED_FUNCTION = YES;
				GCC_WARN_UNUSED_VARIABLE = YES;
				MACOSX_DEPLOYMENT_TARGET = 10.14;
				MTL_ENABLE_DEBUG_INFO = INCLUDE_SOURCE;
				MTL_FAST_MATH = YES;
				ONLY_ACTIVE_ARCH = YES;
				SDKROOT = macosx;
			};
			name = Debug;
		};
		7AAA5619217DB10600D2AD0B /* Release */ = {
			isa = XCBuildConfiguration;
			buildSettings = {
				ALWAYS_SEARCH_USER_PATHS = NO;
				CLANG_ANALYZER_NONNULL = YES;
				CLANG_ANALYZER_NUMBER_OBJECT_CONVERSION = YES_AGGRESSIVE;
				CLANG_CXX_LANGUAGE_STANDARD = "gnu++14";
				CLANG_CXX_LIBRARY = "libc++";
				CLANG_ENABLE_MODULES = YES;
				CLANG_ENABLE_OBJC_ARC = YES;
				CLANG_ENABLE_OBJC_WEAK = YES;
				CLANG_WARN_BLOCK_CAPTURE_AUTORELEASING = YES;
				CLANG_WARN_BOOL_CONVERSION = YES;
				CLANG_WARN_COMMA = YES;
				CLANG_WARN_CONSTANT_CONVERSION = YES;
				CLANG_WARN_DEPRECATED_OBJC_IMPLEMENTATIONS = YES;
				CLANG_WARN_DIRECT_OBJC_ISA_USAGE = YES_ERROR;
				CLANG_WARN_DOCUMENTATION_COMMENTS = YES;
				CLANG_WARN_EMPTY_BODY = YES;
				CLANG_WARN_ENUM_CONVERSION = YES;
				CLANG_WARN_INFINITE_RECURSION = YES;
				CLANG_WARN_INT_CONVERSION = YES;
				CLANG_WARN_NON_LITERAL_NULL_CONVERSION = YES;
				CLANG_WARN_OBJC_IMPLICIT_RETAIN_SELF = YES;
				CLANG_WARN_OBJC_LITERAL_CONVERSION = YES;
				CLANG_WARN_OBJC_ROOT_CLASS = YES_ERROR;
				CLANG_WARN_RANGE_LOOP_ANALYSIS = YES;
				CLANG_WARN_STRICT_PROTOTYPES = YES;
				CLANG_WARN_SUSPICIOUS_MOVE = YES;
				CLANG_WARN_UNGUARDED_AVAILABILITY = YES_AGGRESSIVE;
				CLANG_WARN_UNREACHABLE_CODE = YES;
				CLANG_WARN__DUPLICATE_METHOD_MATCH = YES;
				CODE_SIGN_IDENTITY = "Mac Developer";
				COPY_PHASE_STRIP = NO;
				DEBUG_INFORMATION_FORMAT = "dwarf-with-dsym";
				ENABLE_NS_ASSERTIONS = NO;
				ENABLE_STRICT_OBJC_MSGSEND = YES;
				GCC_C_LANGUAGE_STANDARD = gnu11;
				GCC_NO_COMMON_BLOCKS = YES;
				GCC_WARN_64_TO_32_BIT_CONVERSION = YES;
				GCC_WARN_ABOUT_RETURN_TYPE = YES_ERROR;
				GCC_WARN_UNDECLARED_SELECTOR = YES;
				GCC_WARN_UNINITIALIZED_AUTOS = YES_AGGRESSIVE;
				GCC_WARN_UNUSED_FUNCTION = YES;
				GCC_WARN_UNUSED_VARIABLE = YES;
				MACOSX_DEPLOYMENT_TARGET = 10.14;
				MTL_ENABLE_DEBUG_INFO = NO;
				MTL_FAST_MATH = YES;
				SDKROOT = macosx;
			};
			name = Release;
		};
		7AAA561B217DB10600D2AD0B /* Debug */ = {
			isa = XCBuildConfiguration;
			buildSettings = {
				ASSETCATALOG_COMPILER_APPICON_NAME = AppIcon;
				CODE_SIGN_ENTITLEMENTS = DragonCurveForMac/DragonCurveForMac.entitlements;
				CODE_SIGN_STYLE = Automatic;
				COMBINE_HIDPI_IMAGES = YES;
				DEVELOPMENT_TEAM = Z73D4U4HW8;
				INFOPLIST_FILE = DragonCurveForMac/Info.plist;
				LD_RUNPATH_SEARCH_PATHS = (
					"$(inherited)",
					"@executable_path/../Frameworks",
				);
				PRODUCT_BUNDLE_IDENTIFIER = cnu.201402356.DragonCurveForMac;
				PRODUCT_NAME = "$(TARGET_NAME)";
			};
			name = Debug;
		};
		7AAA561C217DB10600D2AD0B /* Release */ = {
			isa = XCBuildConfiguration;
			buildSettings = {
				ASSETCATALOG_COMPILER_APPICON_NAME = AppIcon;
				CODE_SIGN_ENTITLEMENTS = DragonCurveForMac/DragonCurveForMac.entitlements;
				CODE_SIGN_STYLE = Automatic;
				COMBINE_HIDPI_IMAGES = YES;
				DEVELOPMENT_TEAM = Z73D4U4HW8;
				INFOPLIST_FILE = DragonCurveForMac/Info.plist;
				LD_RUNPATH_SEARCH_PATHS = (
					"$(inherited)",
					"@executable_path/../Frameworks",
				);
				PRODUCT_BUNDLE_IDENTIFIER = cnu.201402356.DragonCurveForMac;
				PRODUCT_NAME = "$(TARGET_NAME)";
			};
			name = Release;
		};
/* End XCBuildConfiguration section */

/* Begin XCConfigurationList section */
		7AAA5601217DB10500D2AD0B /* Build configuration list for PBXProject "DragonCurveForMac" */ = {
			isa = XCConfigurationList;
			buildConfigurations = (
				7AAA5618217DB10600D2AD0B /* Debug */,
				7AAA5619217DB10600D2AD0B /* Release */,
			);
			defaultConfigurationIsVisible = 0;
			defaultConfigurationName = Release;
		};
		7AAA561A217DB10600D2AD0B /* Build configuration list for PBXNativeTarget "DragonCurveForMac" */ = {
			isa = XCConfigurationList;
			buildConfigurations = (
				7AAA561B217DB10600D2AD0B /* Debug */,
				7AAA561C217DB10600D2AD0B /* Release */,
			);
			defaultConfigurationIsVisible = 0;
			defaultConfigurationName = Release;
		};
/* End XCConfigurationList section */
	};
	rootObject = 7AAA55FE217DB10500D2AD0B /* Project object */;
}
